
Microsoft Visual Studio Solution File, Format Version 12.00
# Visual Studio 15
VisualStudioVersion = 15.0.28307.779
MinimumVisualStudioVersion = 10.0.40219.1
Project("{2150E333-8FDC-42A3-9474-1A3956D46DE8}") = "src", "src", "{1D7D5EFF-3B06-40A6-BC68-37D1A9E1CB15}"
EndProject
Project("{FAE04EC0-301F-11D3-BF4B-00C04F79EFBC}") = "TDD.MultiCurrencyMoney", "src\TDD.MultiCurrencyMoney\TDD.MultiCurrencyMoney.csproj", "{45BD4005-A04C-482D-A85D-4181FEE6FA59}"
EndProject
Project("{2150E333-8FDC-42A3-9474-1A3956D46DE8}") = "test", "test", "{6B50F7C4-A4DE-4ACA-897A-530CC99582BF}"
EndProject
Project("{FAE04EC0-301F-11D3-BF4B-00C04F79EFBC}") = "TDD.MultiCurrencyMoney.Tests", "test\TDD.MultiCurrencyMoney.Tests\TDD.MultiCurrencyMoney.Tests.csproj", "{29482D6B-5804-4D62-AE17-6F15CA53EAA7}"
EndProject
Global
	GlobalSection(SolutionConfigurationPlatforms) = preSolution
		Debug|Any CPU = Debug|Any CPU
		Release|Any CPU = Release|Any CPU
	EndGlobalSection
	GlobalSection(ProjectConfigurationPlatforms) = postSolution
		{45BD4005-A04C-482D-A85D-4181FEE6FA59}.Debug|Any CPU.ActiveCfg = Debug|Any CPU
		{45BD4005-A04C-482D-A85D-4181FEE6FA59}.Debug|Any CPU.Build.0 = Debug|Any CPU
		{45BD4005-A04C-482D-A85D-4181FEE6FA59}.Release|Any CPU.ActiveCfg = Release|Any CPU
		{45BD4005-A04C-482D-A85D-4181FEE6FA59}.Release|Any CPU.Build.0 = Release|Any CPU
		{29482D6B-5804-4D62-AE17-6F15CA53EAA7}.Debug|Any CPU.ActiveCfg = Debug|Any CPU
		{29482D6B-5804-4D62-AE17-6F15CA53EAA7}.Debug|Any CPU.Build.0 = Debug|Any CPU
		{29482D6B-5804-4D62-AE17-6F15CA53EAA7}.Release|Any CPU.ActiveCfg = Release|Any CPU
		{29482D6B-5804-4D62-AE17-6F15CA53EAA7}.Release|Any CPU.Build.0 = Release|Any CPU
	EndGlobalSection
	GlobalSection(SolutionProperties) = preSolution
		HideSolutionNode = FALSE
	EndGlobalSection
	GlobalSection(NestedProjects) = preSolution
		{45BD4005-A04C-482D-A85D-4181FEE6FA59} = {1D7D5EFF-3B06-40A6-BC68-37D1A9E1CB15}
		{29482D6B-5804-4D62-AE17-6F15CA53EAA7} = {6B50F7C4-A4DE-4ACA-897A-530CC99582BF}
	EndGlobalSection
	GlobalSection(ExtensibilityGlobals) = postSolution
		SolutionGuid = {D31F213C-8FBF-420C-A83B-F773F4B9CCE5}
	EndGlobalSection
EndGlobal
